Microsoft Visual Studio Solution File, Format Version 12.00
# Visual Studio Version 16
VisualStudioVersion = 16.0.29230.47
MinimumVisualStudioVersion = 15.0.26124.0
Project("{9A19103F-16F7-4668-BE54-9A1E7A4F7556}") = "App", "app\App.csproj", "{4A8BAD3C-EE29-410D-AEEE-29D38B56EE6A}"
EndProject
Project("{9A19103F-16F7-4668-BE54-9A1E7A4F7556}") = "Test", "app-test\Test.csproj", "{6838F317-F953-47E6-8BFA-0EBDC80C1E73}"
EndProject
Global
	GlobalSection(SolutionConfigurationPlatforms) = preSolution
		Debug|Any CPU = Debug|Any CPU
		Debug|x64 = Debug|x64
		Debug|x86 = Debug|x86
		Release|Any CPU = Release|Any CPU
		Release|x64 = Release|x64
		Release|x86 = Release|x86
	EndGlobalSection
	GlobalSection(ProjectConfigurationPlatforms) = postSolution
		{4A8BAD3C-EE29-410D-AEEE-29D38B56EE6A}.Debug|Any CPU.ActiveCfg = Debug|Any CPU
		{4A8BAD3C-EE29-410D-AEEE-29D38B56EE6A}.Debug|Any CPU.Build.0 = Debug|Any CPU
		{4A8BAD3C-EE29-410D-AEEE-29D38B56EE6A}.Debug|x64.ActiveCfg = Debug|Any CPU
		{4A8BAD3C-EE29-410D-AEEE-29D38B56EE6A}.Debug|x64.Build.0 = Debug|Any CPU
		{4A8BAD3C-EE29-410D-AEEE-29D38B56EE6A}.Debug|x86.ActiveCfg = Debug|Any CPU
		{4A8BAD3C-EE29-410D-AEEE-29D38B56EE6A}.Debug|x86.Build.0 = Debug|Any CPU
		{4A8BAD3C-EE29-410D-AEEE-29D38B56EE6A}.Release|Any CPU.ActiveCfg = Release|Any CPU
		{4A8BAD3C-EE29-410D-AEEE-29D38B56EE6A}.Release|Any CPU.Build.0 = Release|Any CPU
		{4A8BAD3C-EE29-410D-AEEE-29D38B56EE6A}.Release|x64.ActiveCfg = Release|Any CPU
		{4A8BAD3C-EE29-410D-AEEE-29D38B56EE6A}.Release|x64.Build.0 = Release|Any CPU
		{4A8BAD3C-EE29-410D-AEEE-29D38B56EE6A}.Release|x86.ActiveCfg = Release|Any CPU
		{4A8BAD3C-EE29-410D-AEEE-29D38B56EE6A}.Release|x86.Build.0 = Release|Any CPU
		{6838F317-F953-47E6-8BFA-0EBDC80C1E73}.Debug|Any CPU.ActiveCfg = Debug|Any CPU
		{6838F317-F953-47E6-8BFA-0EBDC80C1E73}.Debug|Any CPU.Build.0 = Debug|Any CPU
		{6838F317-F953-47E6-8BFA-0EBDC80C1E73}.Debug|x64.ActiveCfg = Debug|Any CPU
		{6838F317-F953-47E6-8BFA-0EBDC80C1E73}.Debug|x64.Build.0 = Debug|Any CPU
		{6838F317-F953-47E6-8BFA-0EBDC80C1E73}.Debug|x86.ActiveCfg = Debug|Any CPU
		{6838F317-F953-47E6-8BFA-0EBDC80C1E73}.Debug|x86.Build.0 = Debug|Any CPU
		{6838F317-F953-47E6-8BFA-0EBDC80C1E73}.Release|Any CPU.ActiveCfg = Release|Any CPU
		{6838F317-F953-47E6-8BFA-0EBDC80C1E73}.Release|Any CPU.Build.0 = Release|Any CPU
		{6838F317-F953-47E6-8BFA-0EBDC80C1E73}.Release|x64.ActiveCfg = Release|Any CPU
		{6838F317-F953-47E6-8BFA-0EBDC80C1E73}.Release|x64.Build.0 = Release|Any CPU
		{6838F317-F953-47E6-8BFA-0EBDC80C1E73}.Release|x86.ActiveCfg = Release|Any CPU
		{6838F317-F953-47E6-8BFA-0EBDC80C1E73}.Release|x86.Build.0 = Release|Any CPU
	EndGlobalSection
	GlobalSection(SolutionProperties) = preSolution
		HideSolutionNode = FALSE
	EndGlobalSection
	GlobalSection(ExtensibilityGlobals) = postSolution
		SolutionGuid = {50A5736A-A2B0-4515-BAD8-D1E5608DBF74}
	EndGlobalSection
EndGlobal
